
Microsoft Visual Studio Solution File, Format Version 12.00
# Visual Studio Version 17
VisualStudioVersion = 17.4.33213.308
MinimumVisualStudioVersion = 10.0.40219.1
Project("{9A19103F-16F7-4668-BE54-9A1E7A4F7556}") = "ComlimentTelegramBot", "ConsoleApp8\ComlimentTelegramBot.csproj", "{036CDD78-FFE9-4674-965F-50ECADC56F37}"
EndProject
Global
	GlobalSection(SolutionConfigurationPlatforms) = preSolution
		Debug|Any CPU = Debug|Any CPU
		Release|Any CPU = Release|Any CPU
	EndGlobalSection
	GlobalSection(ProjectConfigurationPlatforms) = postSolution
		{036CDD78-FFE9-4674-965F-50ECADC56F37}.Debug|Any CPU.ActiveCfg = Debug|Any CPU
		{036CDD78-FFE9-4674-965F-50ECADC56F37}.Debug|Any CPU.Build.0 = Debug|Any CPU
		{036CDD78-FFE9-4674-965F-50ECADC56F37}.Release|Any CPU.ActiveCfg = Release|Any CPU
		{036CDD78-FFE9-4674-965F-50ECADC56F37}.Release|Any CPU.Build.0 = Release|Any CPU
	EndGlobalSection
	GlobalSection(SolutionProperties) = preSolution
		HideSolutionNode = FALSE
	EndGlobalSection
	GlobalSection(ExtensibilityGlobals) = postSolution
		SolutionGuid = {79F57D15-A6FA-448D-87D6-ABEC62D49D48}
	EndGlobalSection
EndGlobal
